// !$*UTF8*$!
{
	archiveVersion = 1;
	classes = {
	};
	objectVersion = 55;
	objects = {

/* Begin PBXBuildFile section */
		654E78282807498B00A2079E /* SwiftTipJarExampleApp.swift in Sources */ = {isa = PBXBuildFile; fileRef = 654E78272807498B00A2079E /* SwiftTipJarExampleApp.swift */; };
		654E782A2807498B00A2079E /* ContentView.swift in Sources */ = {isa = PBXBuildFile; fileRef = 654E78292807498B00A2079E /* ContentView.swift */; };
		654E782C2807498C00A2079E /* Assets.xcassets in Resources */ = {isa = PBXBuildFile; fileRef = 654E782B2807498C00A2079E /* Assets.xcassets */; };
		654E782F2807498C00A2079E /* Preview Assets.xcassets in Resources */ = {isa = PBXBuildFile; fileRef = 654E782E2807498C00A2079E /* Preview Assets.xcassets */; };
		654E7837280749CF00A2079E /* SwiftTipJar in Frameworks */ = {isa = PBXBuildFile; productRef = 654E7836280749CF00A2079E /* SwiftTipJar */; };
		654E7839280749E700A2079E /* ExampleConfiguration.storekit in Resources */ = {isa = PBXBuildFile; fileRef = 654E7838280749E700A2079E /* ExampleConfiguration.storekit */; };
		654E783B280755B600A2079E /* ThankYou.swift in Sources */ = {isa = PBXBuildFile; fileRef = 654E783A280755B600A2079E /* ThankYou.swift */; };
/* End PBXBuildFile section */

/* Begin PBXFileReference section */
		654E78242807498B00A2079E /* SwiftTipJarExample.app */ = {isa = PBXFileReference; explicitFileType = wrapper.application; includeInIndex = 0; path = SwiftTipJarExample.app; sourceTree = BUILT_PRODUCTS_DIR; };
		654E78272807498B00A2079E /* SwiftTipJarExampleApp.swift */ = {isa = PBXFileReference; lastKnownFileType = sourcecode.swift; path = SwiftTipJarExampleApp.swift; sourceTree = "<group>"; };
		654E78292807498B00A2079E /* ContentView.swift */ = {isa = PBXFileReference; lastKnownFileType = sourcecode.swift; path = ContentView.swift; sourceTree = "<group>"; };
		654E782B2807498C00A2079E /* Assets.xcassets */ = {isa = PBXFileReference; lastKnownFileType = folder.assetcatalog; path = Assets.xcassets; sourceTree = "<group>"; };
		654E782E2807498C00A2079E /* Preview Assets.xcassets */ = {isa = PBXFileReference; lastKnownFileType = folder.assetcatalog; path = "Preview Assets.xcassets"; sourceTree = "<group>"; };
		654E7838280749E700A2079E /* ExampleConfiguration.storekit */ = {isa = PBXFileReference; fileEncoding = 4; lastKnownFileType = text; path = ExampleConfiguration.storekit; sourceTree = "<group>"; };
		654E783A280755B600A2079E /* ThankYou.swift */ = {isa = PBXFileReference; lastKnownFileType = sourcecode.swift; path = ThankYou.swift; sourceTree = "<group>"; };
/* End PBXFileReference section */

/* Begin PBXFrameworksBuildPhase section */
		654E78212807498B00A2079E /* Frameworks */ = {
			isa = PBXFrameworksBuildPhase;
			buildActionMask = 2147483647;
			files = (
				654E7837280749CF00A2079E /* SwiftTipJar in Frameworks */,
			);
			runOnlyForDeploymentPostprocessing = 0;
		};
/* End PBXFrameworksBuildPhase section */

/* Begin PBXGroup section */
		654E781B2807498B00A2079E = {
			isa = PBXGroup;
			children = (
				654E7838280749E700A2079E /* ExampleConfiguration.storekit */,
				654E78262807498B00A2079E /* SwiftTipJarExample */,
				654E78252807498B00A2079E /* Products */,
			);
			sourceTree = "<group>";
		};
		654E78252807498B00A2079E /* Products */ = {
			isa = PBXGroup;
			children = (
				654E78242807498B00A2079E /* SwiftTipJarExample.app */,
			);
			name = Products;
			sourceTree = "<group>";
		};
		654E78262807498B00A2079E /* SwiftTipJarExample */ = {
			isa = PBXGroup;
			children = (
				654E78272807498B00A2079E /* SwiftTipJarExampleApp.swift */,
				654E78292807498B00A2079E /* ContentView.swift */,
				654E783A280755B600A2079E /* ThankYou.swift */,
				654E782B2807498C00A2079E /* Assets.xcassets */,
				654E782D2807498C00A2079E /* Preview Content */,
			);
			path = SwiftTipJarExample;
			sourceTree = "<group>";
		};
		654E782D2807498C00A2079E /* Preview Content */ = {
			isa = PBXGroup;
			children = (
				654E782E2807498C00A2079E /* Preview Assets.xcassets */,
			);
			path = "Preview Content";
			sourceTree = "<group>";
		};
/* End PBXGroup section */

/* Begin PBXNativeTarget section */
		654E78232807498B00A2079E /* SwiftTipJarExample */ = {
			isa = PBXNativeTarget;
			buildConfigurationList = 654E78322807498C00A2079E /* Build configuration list for PBXNativeTarget "SwiftTipJarExample" */;
			buildPhases = (
				654E78202807498B00A2079E /* Sources */,
				654E78212807498B00A2079E /* Frameworks */,
				654E78222807498B00A2079E /* Resources */,
			);
			buildRules = (
			);
			dependencies = (
			);
			name = SwiftTipJarExample;
			packageProductDependencies = (
				654E7836280749CF00A2079E /* SwiftTipJar */,
			);
			productName = SwiftTipJarExample;
			productReference = 654E78242807498B00A2079E /* SwiftTipJarExample.app */;
			productType = "com.apple.product-type.application";
		};
/* End PBXNativeTarget section */

/* Begin PBXProject section */
		654E781C2807498B00A2079E /* Project object */ = {
			isa = PBXProject;
			attributes = {
				BuildIndependentTargetsInParallel = 1;
				LastSwiftUpdateCheck = 1330;
				LastUpgradeCheck = 1330;
				TargetAttributes = {
					654E78232807498B00A2079E = {
						CreatedOnToolsVersion = 13.3;
					};
				};
			};
			buildConfigurationList = 654E781F2807498B00A2079E /* Build configuration list for PBXProject "SwiftTipJarExample" */;
			compatibilityVersion = "Xcode 13.0";
			developmentRegion = en;
			hasScannedForEncodings = 0;
			knownRegions = (
				en,
				Base,
			);
			mainGroup = 654E781B2807498B00A2079E;
			packageReferences = (
				654E7835280749CF00A2079E /* XCRemoteSwiftPackageReference "SwiftTipJar" */,
			);
			productRefGroup = 654E78252807498B00A2079E /* Products */;
			projectDirPath = "";
			projectRoot = "";
			targets = (
				654E78232807498B00A2079E /* SwiftTipJarExample */,
			);
		};
/* End PBXProject section */

/* Begin PBXResourcesBuildPhase section */
		654E78222807498B00A2079E /* Resources */ = {
			isa = PBXResourcesBuildPhase;
			buildActionMask = 2147483647;
			files = (
				654E782F2807498C00A2079E /* Preview Assets.xcassets in Resources */,
				654E7839280749E700A2079E /* ExampleConfiguration.storekit in Resources */,
				654E782C2807498C00A2079E /* Assets.xcassets in Resources */,
			);
			runOnlyForDeploymentPostprocessing = 0;
		};
/* End PBXResourcesBuildPhase section */

/* Begin PBXSourcesBuildPhase section */
		654E78202807498B00A2079E /* Sources */ = {
			isa = PBXSourcesBuildPhase;
			buildActionMask = 2147483647;
			files = (
				654E783B280755B600A2079E /* ThankYou.swift in Sources */,
				654E782A2807498B00A2079E /* ContentView.swift in Sources */,
				654E78282807498B00A2079E /* SwiftTipJarExampleApp.swift in Sources */,
			);
			runOnlyForDeploymentPostprocessing = 0;
		};
/* End PBXSourcesBuildPhase section */

/* Begin XCBuildConfiguration section */
		654E78302807498C00A2079E /* Debug */ = {
			isa = XCBuildConfiguration;
			buildSettings = {
				ALWAYS_SEARCH_USER_PATHS = NO;
				CLANG_ANALYZER_NONNULL = YES;
				CLANG_ANALYZER_NUMBER_OBJECT_CONVERSION = YES_AGGRESSIVE;
				CLANG_CXX_LANGUAGE_STANDARD = "gnu++17";
				CLANG_ENABLE_MODULES = YES;
				CLANG_ENABLE_OBJC_ARC = YES;
				CLANG_ENABLE_OBJC_WEAK = YES;
				CLANG_WARN_BLOCK_CAPTURE_AUTORELEASING = YES;
				CLANG_WARN_BOOL_CONVERSION = YES;
				CLANG_WARN_COMMA = YES;
				CLANG_WARN_CONSTANT_CONVERSION = YES;
				CLANG_WARN_DEPRECATED_OBJC_IMPLEMENTATIONS = YES;
				CLANG_WARN_DIRECT_OBJC_ISA_USAGE = YES_ERROR;
				CLANG_WARN_DOCUMENTATION_COMMENTS = YES;
				CLANG_WARN_EMPTY_BODY = YES;
				CLANG_WARN_ENUM_CONVERSION = YES;
				CLANG_WARN_INFINITE_RECURSION = YES;
				CLANG_WARN_INT_CONVERSION = YES;
				CLANG_WARN_NON_LITERAL_NULL_CONVERSION = YES;
				CLANG_WARN_OBJC_IMPLICIT_RETAIN_SELF = YES;
				CLANG_WARN_OBJC_LITERAL_CONVERSION = YES;
				CLANG_WARN_OBJC_ROOT_CLASS = YES_ERROR;
				CLANG_WARN_QUOTED_INCLUDE_IN_FRAMEWORK_HEADER = YES;
				CLANG_WARN_RANGE_LOOP_ANALYSIS = YES;
				CLANG_WARN_STRICT_PROTOTYPES = YES;
				CLANG_WARN_SUSPICIOUS_MOVE = YES;
				CLANG_WARN_UNGUARDED_AVAILABILITY = YES_AGGRESSIVE;
				CLANG_WARN_UNREACHABLE_CODE = YES;
				CLANG_WARN__DUPLICATE_METHOD_MATCH = YES;
				COPY_PHASE_STRIP = NO;
				DEBUG_INFORMATION_FORMAT = dwarf;
				ENABLE_STRICT_OBJC_MSGSEND = YES;
				ENABLE_TESTABILITY = YES;
				GCC_C_LANGUAGE_STANDARD = gnu11;
				GCC_DYNAMIC_NO_PIC = NO;
				GCC_NO_COMMON_BLOCKS = YES;
				GCC_OPTIMIZATION_LEVEL = 0;
				GCC_PREPROCESSOR_DEFINITIONS = (
					"DEBUG=1",
					"$(inherited)",
				);
				GCC_WARN_64_TO_32_BIT_CONVERSION = YES;
				GCC_WARN_ABOUT_RETURN_TYPE = YES_ERROR;
				GCC_WARN_UNDECLARED_SELECTOR = YES;
				GCC_WARN_UNINITIALIZED_AUTOS = YES_AGGRESSIVE;
				GCC_WARN_UNUSED_FUNCTION = YES;
				GCC_WARN_UNUSED_VARIABLE = YES;
				IPHONEOS_DEPLOYMENT_TARGET = 15.4;
				MTL_ENABLE_DEBUG_INFO = INCLUDE_SOURCE;
				MTL_FAST_MATH = YES;
				ONLY_ACTIVE_ARCH = YES;
				SDKROOT = iphoneos;
				SWIFT_ACTIVE_COMPILATION_CONDITIONS = DEBUG;
				SWIFT_OPTIMIZATION_LEVEL = "-Onone";
			};
			name = Debug;
		};
		654E78312807498C00A2079E /* Release */ = {
			isa = XCBuildConfiguration;
			buildSettings = {
				ALWAYS_SEARCH_USER_PATHS = NO;
				CLANG_ANALYZER_NONNULL = YES;
				CLANG_ANALYZER_NUMBER_OBJECT_CONVERSION = YES_AGGRESSIVE;
				CLANG_CXX_LANGUAGE_STANDARD = "gnu++17";
				CLANG_ENABLE_MODULES = YES;
				CLANG_ENABLE_OBJC_ARC = YES;
				CLANG_ENABLE_OBJC_WEAK = YES;
				CLANG_WARN_BLOCK_CAPTURE_AUTORELEASING = YES;
				CLANG_WARN_BOOL_CONVERSION = YES;
				CLANG_WARN_COMMA = YES;
				CLANG_WARN_CONSTANT_CONVERSION = YES;
				CLANG_WARN_DEPRECATED_OBJC_IMPLEMENTATIONS = YES;
				CLANG_WARN_DIRECT_OBJC_ISA_USAGE = YES_ERROR;
				CLANG_WARN_DOCUMENTATION_COMMENTS = YES;
				CLANG_WARN_EMPTY_BODY = YES;
				CLANG_WARN_ENUM_CONVERSION = YES;
				CLANG_WARN_INFINITE_RECURSION = YES;
				CLANG_WARN_INT_CONVERSION = YES;
				CLANG_WARN_NON_LITERAL_NULL_CONVERSION = YES;
				CLANG_WARN_OBJC_IMPLICIT_RETAIN_SELF = YES;
				CLANG_WARN_OBJC_LITERAL_CONVERSION = YES;
				CLANG_WARN_OBJC_ROOT_CLASS = YES_ERROR;
				CLANG_WARN_QUOTED_INCLUDE_IN_FRAMEWORK_HEADER = YES;
				CLANG_WARN_RANGE_LOOP_ANALYSIS = YES;
				CLANG_WARN_STRICT_PROTOTYPES = YES;
				CLANG_WARN_SUSPICIOUS_MOVE = YES;
				CLANG_WARN_UNGUARDED_AVAILABILITY = YES_AGGRESSIVE;
				CLANG_WARN_UNREACHABLE_CODE = YES;
				CLANG_WARN__DUPLICATE_METHOD_MATCH = YES;
				COPY_PHASE_STRIP = NO;
				DEBUG_INFORMATION_FORMAT = "dwarf-with-dsym";
				ENABLE_NS_ASSERTIONS = NO;
				ENABLE_STRICT_OBJC_MSGSEND = YES;
				GCC_C_LANGUAGE_STANDARD = gnu11;
				GCC_NO_COMMON_BLOCKS = YES;
				GCC_WARN_64_TO_32_BIT_CONVERSION = YES;
				GCC_WARN_ABOUT_RETURN_TYPE = YES_ERROR;
				GCC_WARN_UNDECLARED_SELECTOR = YES;
				GCC_WARN_UNINITIALIZED_AUTOS = YES_AGGRESSIVE;
				GCC_WARN_UNUSED_FUNCTION = YES;
				GCC_WARN_UNUSED_VARIABLE = YES;
				IPHONEOS_DEPLOYMENT_TARGET = 15.4;
				MTL_ENABLE_DEBUG_INFO = NO;
				MTL_FAST_MATH = YES;
				SDKROOT = iphoneos;
				SWIFT_COMPILATION_MODE = wholemodule;
				SWIFT_OPTIMIZATION_LEVEL = "-O";
				VALIDATE_PRODUCT = YES;
			};
			name = Release;
		};
		654E78332807498C00A2079E /* Debug */ = {
			isa = XCBuildConfiguration;
			buildSettings = {
				ASSETCATALOG_COMPILER_APPICON_NAME = AppIcon;
				ASSETCATALOG_COMPILER_GLOBAL_ACCENT_COLOR_NAME = AccentColor;
				CODE_SIGN_STYLE = Automatic;
				CURRENT_PROJECT_VERSION = 1;
				DEVELOPMENT_ASSET_PATHS = "\"SwiftTipJarExample/Preview Content\"";
				DEVELOPMENT_TEAM = 99C945DQTQ;
				ENABLE_PREVIEWS = YES;
				GENERATE_INFOPLIST_FILE = YES;
				INFOPLIST_KEY_UIApplicationSceneManifest_Generation = YES;
				INFOPLIST_KEY_UIApplicationSupportsIndirectInputEvents = YES;
				INFOPLIST_KEY_UILaunchScreen_Generation = YES;
				INFOPLIST_KEY_UISupportedInterfaceOrientations_iPad = "UIInterfaceOrientationPortrait UIInterfaceOrientationPortraitUpsideDown UIInterfaceOrientationLandscapeLeft UIInterfaceOrientationLandscapeRight";
				INFOPLIST_KEY_UISupportedInterfaceOrientations_iPhone = "UIInterfaceOrientationPortrait UIInterfaceOrientationLandscapeLeft UIInterfaceOrientationLandscapeRight";
				LD_RUNPATH_SEARCH_PATHS = (
					"$(inherited)",
					"@executable_path/Frameworks",
				);
				MARKETING_VERSION = 1.0;
				PRODUCT_BUNDLE_IDENTIFIER = "hr.ux-first.SwiftTipJarExample";
				PRODUCT_NAME = "$(TARGET_NAME)";
				SWIFT_EMIT_LOC_STRINGS = YES;
				SWIFT_VERSION = 5.0;
				TARGETED_DEVICE_FAMILY = "1,2";
			};
			name = Debug;
		};
		654E78342807498C00A2079E /* Release */ = {
			isa = XCBuildConfiguration;
			buildSettings = {
				ASSETCATALOG_COMPILER_APPICON_NAME = AppIcon;
				ASSETCATALOG_COMPILER_GLOBAL_ACCENT_COLOR_NAME = AccentColor;
				CODE_SIGN_STYLE = Automatic;
				CURRENT_PROJECT_VERSION = 1;
				DEVELOPMENT_ASSET_PATHS = "\"SwiftTipJarExample/Preview Content\"";
				DEVELOPMENT_TEAM = 99C945DQTQ;
				ENABLE_PREVIEWS = YES;
				GENERATE_INFOPLIST_FILE = YES;
				INFOPLIST_KEY_UIApplicationSceneManifest_Generation = YES;
				INFOPLIST_KEY_UIApplicationSupportsIndirectInputEvents = YES;
				INFOPLIST_KEY_UILaunchScreen_Generation = YES;
				INFOPLIST_KEY_UISupportedInterfaceOrientations_iPad = "UIInterfaceOrientationPortrait UIInterfaceOrientationPortraitUpsideDown UIInterfaceOrientationLandscapeLeft UIInterfaceOrientationLandscapeRight";
				INFOPLIST_KEY_UISupportedInterfaceOrientations_iPhone = "UIInterfaceOrientationPortrait UIInterfaceOrientationLandscapeLeft UIInterfaceOrientationLandscapeRight";
				LD_RUNPATH_SEARCH_PATHS = (
					"$(inherited)",
					"@executable_path/Frameworks",
				);
				MARKETING_VERSION = 1.0;
				PRODUCT_BUNDLE_IDENTIFIER = "hr.ux-first.SwiftTipJarExample";
				PRODUCT_NAME = "$(TARGET_NAME)";
				SWIFT_EMIT_LOC_STRINGS = YES;
				SWIFT_VERSION = 5.0;
				TARGETED_DEVICE_FAMILY = "1,2";
			};
			name = Release;
		};
/* End XCBuildConfiguration section */

/* Begin XCConfigurationList section */
		654E781F2807498B00A2079E /* Build configuration list for PBXProject "SwiftTipJarExample" */ = {
			isa = XCConfigurationList;
			buildConfigurations = (
				654E78302807498C00A2079E /* Debug */,
				654E78312807498C00A2079E /* Release */,
			);
			defaultConfigurationIsVisible = 0;
			defaultConfigurationName = Release;
		};
		654E78322807498C00A2079E /* Build configuration list for PBXNativeTarget "SwiftTipJarExample" */ = {
			isa = XCConfigurationList;
			buildConfigurations = (
				654E78332807498C00A2079E /* Debug */,
				654E78342807498C00A2079E /* Release */,
			);
			defaultConfigurationIsVisible = 0;
			defaultConfigurationName = Release;
		};
/* End XCConfigurationList section */

/* Begin XCRemoteSwiftPackageReference section */
		654E7835280749CF00A2079E /* XCRemoteSwiftPackageReference "SwiftTipJar" */ = {
			isa = XCRemoteSwiftPackageReference;
			repositoryURL = "https://github.com/dkasaj/SwiftTipJar.git";
			requirement = {
				branch = main;
				kind = branch;
			};
		};
/* End XCRemoteSwiftPackageReference section */

/* Begin XCSwiftPackageProductDependency section */
		654E7836280749CF00A2079E /* SwiftTipJar */ = {
			isa = XCSwiftPackageProductDependency;
			package = 654E7835280749CF00A2079E /* XCRemoteSwiftPackageReference "SwiftTipJar" */;
			productName = SwiftTipJar;
		};
/* End XCSwiftPackageProductDependency section */
	};
	rootObject = 654E781C2807498B00A2079E /* Project object */;
}
